{
  "name": "marvel character",
  "lockfileVersion": 3,
  "requires": true,
  "packages": {
    "": {
      "dependencies": {
        "marvel-comics-characters": "^1.1.1"
      }
    },
    "node_modules/marvel-comics-characters": {
      "version": "1.1.1",
      "resolved": "https://registry.npmjs.org/marvel-comics-characters/-/marvel-comics-characters-1.1.1.tgz",
      "integrity": "sha512-Ge+iw507ShYyDE7ggr7bNWR2KHZ6MJ6pbC+M7zfEy7Z3UF/QspTRg13zZxOqjwANtd+R+xg3SLjqgE2rcG7ySw==",
      "dependencies": {
        "unique-random-array": "1.0.0"
      }
    },
    "node_modules/marvel-comics-characters/node_modules/unique-random": {
      "version": "1.0.0",
      "resolved": "https://registry.npmjs.org/unique-random/-/unique-random-1.0.0.tgz",
      "integrity": "sha512-K1sUkPf9EXCZFNIlMCoX4icAqcvkR4FMPH4Z61HbyiWhQl1ZGo0zYeV2bJmocK8Cp6tnKYrCnpkeKGebXZoRTQ==",
      "engines": {
        "node": ">=0.10.0"
      }
    },
    "node_modules/marvel-comics-characters/node_modules/unique-random-array": {
      "version": "1.0.0",
      "resolved": "https://registry.npmjs.org/unique-random-array/-/unique-random-array-1.0.0.tgz",
      "integrity": "sha512-vtj2yltjcHPa69nFjNJ3xnhsEwE8pMyjqUQDw2myz/iSezqf4YCAcygwFQEsOgMid5VNW/dCPbnb2BcmaDCCKg==",
      "dependencies": {
        "unique-random": "^1.0.0"
      },
      "engines": {
        "node": ">=0.10.0"
      }
    }
  }
}
